
Microsoft Visual Studio Solution File, Format Version 12.00
# Visual Studio Version 17
VisualStudioVersion = 17.4.33213.308
MinimumVisualStudioVersion = 10.0.40219.1
Project("{9A19103F-16F7-4668-BE54-9A1E7A4F7556}") = "LevelingHelper", "LevelingHelper\LevelingHelper.csproj", "{80096B7F-CA06-4CBB-B77F-C40D060F885C}"
EndProject
Global
	GlobalSection(SolutionConfigurationPlatforms) = preSolution
		Debug|Any CPU = Debug|Any CPU
		Debug|x64 = Debug|x64
		Release|Any CPU = Release|Any CPU
		Release|x64 = Release|x64
	EndGlobalSection
	GlobalSection(ProjectConfigurationPlatforms) = postSolution
		{80096B7F-CA06-4CBB-B77F-C40D060F885C}.Debug|Any CPU.ActiveCfg = Debug|Any CPU
		{80096B7F-CA06-4CBB-B77F-C40D060F885C}.Debug|Any CPU.Build.0 = Debug|Any CPU
		{80096B7F-CA06-4CBB-B77F-C40D060F885C}.Debug|x64.ActiveCfg = Debug|x64
		{80096B7F-CA06-4CBB-B77F-C40D060F885C}.Debug|x64.Build.0 = Debug|x64
		{80096B7F-CA06-4CBB-B77F-C40D060F885C}.Release|Any CPU.ActiveCfg = Release|Any CPU
		{80096B7F-CA06-4CBB-B77F-C40D060F885C}.Release|Any CPU.Build.0 = Release|Any CPU
		{80096B7F-CA06-4CBB-B77F-C40D060F885C}.Release|x64.ActiveCfg = Release|Any CPU
		{80096B7F-CA06-4CBB-B77F-C40D060F885C}.Release|x64.Build.0 = Release|Any CPU
	EndGlobalSection
	GlobalSection(SolutionProperties) = preSolution
		HideSolutionNode = FALSE
	EndGlobalSection
	GlobalSection(ExtensibilityGlobals) = postSolution
		SolutionGuid = {4BF73724-B37F-4BCD-A9B3-3CC8C2237306}
	EndGlobalSection
EndGlobal
